github.com/google/uuid v1.6.0 h1:NIvaJDMOsjHA8n1jAhLSgzrAzy1Hgr+hNrb57e+94F0=
github.com/google/uuid v1.6.0/go.mod h1:TIyPZe4MgqvfeYDBFedMoGGpEw/LqOeaOT+nhxU+yHo=
github.com/newmo-oss/testid v0.1.0 h1:NHe0FfS1b4/z+r2sgcLdHNrRRFZNWR7vEZhBJ4j3Hdk=
github.com/newmo-oss/testid v0.1.0/go.mod h1:Z2jzbNSa3gGZTBTj7fQs4n0Ke5gw3Oa9vYgySN3IZ00=
